
Microsoft Visual Studio Solution File, Format Version 12.00
# Visual Studio Version 17
VisualStudioVersion = 17.5.33414.496
MinimumVisualStudioVersion = 10.0.40219.1
Project("{FAE04EC0-301F-11D3-BF4B-00C04F79EFBC}") = "ResponseHandling.WebApi", "ResponseHandling.WebApi\ResponseHandling.WebApi.csproj", "{828AD1BC-26B7-470E-BB9A-2AA0342BC9BF}"
EndProject
Project("{FAE04EC0-301F-11D3-BF4B-00C04F79EFBC}") = "Application", "Application\Application.csproj", "{940AB5E3-5991-42F3-9FEE-040618122E57}"
EndProject
Global
	GlobalSection(SolutionConfigurationPlatforms) = preSolution
		Debug|Any CPU = Debug|Any CPU
		Release|Any CPU = Release|Any CPU
	EndGlobalSection
	GlobalSection(ProjectConfigurationPlatforms) = postSolution
		{828AD1BC-26B7-470E-BB9A-2AA0342BC9BF}.Debug|Any CPU.ActiveCfg = Debug|Any CPU
		{828AD1BC-26B7-470E-BB9A-2AA0342BC9BF}.Debug|Any CPU.Build.0 = Debug|Any CPU
		{828AD1BC-26B7-470E-BB9A-2AA0342BC9BF}.Release|Any CPU.ActiveCfg = Release|Any CPU
		{828AD1BC-26B7-470E-BB9A-2AA0342BC9BF}.Release|Any CPU.Build.0 = Release|Any CPU
		{940AB5E3-5991-42F3-9FEE-040618122E57}.Debug|Any CPU.ActiveCfg = Debug|Any CPU
		{940AB5E3-5991-42F3-9FEE-040618122E57}.Debug|Any CPU.Build.0 = Debug|Any CPU
		{940AB5E3-5991-42F3-9FEE-040618122E57}.Release|Any CPU.ActiveCfg = Release|Any CPU
		{940AB5E3-5991-42F3-9FEE-040618122E57}.Release|Any CPU.Build.0 = Release|Any CPU
	EndGlobalSection
	GlobalSection(SolutionProperties) = preSolution
		HideSolutionNode = FALSE
	EndGlobalSection
	GlobalSection(ExtensibilityGlobals) = postSolution
		SolutionGuid = {1B88E058-79CF-4748-9FA6-01EFBCE0590C}
	EndGlobalSection
EndGlobal
